
Microsoft Visual Studio Solution File, Format Version 12.00
# Visual Studio Version 16
VisualStudioVersion = 16.0.30114.105
MinimumVisualStudioVersion = 10.0.40219.1
Project("{FAE04EC0-301F-11D3-BF4B-00C04F79EFBC}") = "OSM2020", "OSM2020\OSM2020.csproj", "{CF5EB184-ACA2-44B3-8400-32A694D3EF0F}"
EndProject
Global
	GlobalSection(SolutionConfigurationPlatforms) = preSolution
		Debug|Any CPU = Debug|Any CPU
		Release|Any CPU = Release|Any CPU
	EndGlobalSection
	GlobalSection(ProjectConfigurationPlatforms) = postSolution
		{CF5EB184-ACA2-44B3-8400-32A694D3EF0F}.Debug|Any CPU.ActiveCfg = Debug|Any CPU
		{CF5EB184-ACA2-44B3-8400-32A694D3EF0F}.Debug|Any CPU.Build.0 = Debug|Any CPU
		{CF5EB184-ACA2-44B3-8400-32A694D3EF0F}.Release|Any CPU.ActiveCfg = Release|Any CPU
		{CF5EB184-ACA2-44B3-8400-32A694D3EF0F}.Release|Any CPU.Build.0 = Release|Any CPU
	EndGlobalSection
	GlobalSection(SolutionProperties) = preSolution
		HideSolutionNode = FALSE
	EndGlobalSection
	GlobalSection(ExtensibilityGlobals) = postSolution
		SolutionGuid = {B6787795-5A9C-4CC7-87B7-49A77D458DD6}
	EndGlobalSection
EndGlobal
